
Microsoft Visual Studio Solution File, Format Version 12.00
# Visual Studio Version 16
VisualStudioVersion = 16.0.31424.327
MinimumVisualStudioVersion = 10.0.40219.1
Project("{9A19103F-16F7-4668-BE54-9A1E7A4F7556}") = "DesignPatterns", "DI\DesignPatterns.csproj", "{B1A3E5BF-48B3-48B2-A4F1-7D54ED9374D7}"
EndProject
Project("{9A19103F-16F7-4668-BE54-9A1E7A4F7556}") = "LLDDesign", "LLDDesign\LLDDesign.csproj", "{8CF256E7-D071-413A-8F5A-FEDA5219E24B}"
EndProject
Project("{FAE04EC0-301F-11D3-BF4B-00C04F79EFBC}") = "CuncuParallel", "CuncuParallel\CuncuParallel.csproj", "{72697F6E-401A-42CB-B624-D71B2E1A8DED}"
EndProject
Global
	GlobalSection(SolutionConfigurationPlatforms) = preSolution
		Debug|Any CPU = Debug|Any CPU
		Release|Any CPU = Release|Any CPU
	EndGlobalSection
	GlobalSection(ProjectConfigurationPlatforms) = postSolution
		{B1A3E5BF-48B3-48B2-A4F1-7D54ED9374D7}.Debug|Any CPU.ActiveCfg = Debug|Any CPU
		{B1A3E5BF-48B3-48B2-A4F1-7D54ED9374D7}.Debug|Any CPU.Build.0 = Debug|Any CPU
		{B1A3E5BF-48B3-48B2-A4F1-7D54ED9374D7}.Release|Any CPU.ActiveCfg = Release|Any CPU
		{B1A3E5BF-48B3-48B2-A4F1-7D54ED9374D7}.Release|Any CPU.Build.0 = Release|Any CPU
		{8CF256E7-D071-413A-8F5A-FEDA5219E24B}.Debug|Any CPU.ActiveCfg = Debug|Any CPU
		{8CF256E7-D071-413A-8F5A-FEDA5219E24B}.Debug|Any CPU.Build.0 = Debug|Any CPU
		{8CF256E7-D071-413A-8F5A-FEDA5219E24B}.Release|Any CPU.ActiveCfg = Release|Any CPU
		{8CF256E7-D071-413A-8F5A-FEDA5219E24B}.Release|Any CPU.Build.0 = Release|Any CPU
		{72697F6E-401A-42CB-B624-D71B2E1A8DED}.Debug|Any CPU.ActiveCfg = Debug|Any CPU
		{72697F6E-401A-42CB-B624-D71B2E1A8DED}.Debug|Any CPU.Build.0 = Debug|Any CPU
		{72697F6E-401A-42CB-B624-D71B2E1A8DED}.Release|Any CPU.ActiveCfg = Release|Any CPU
		{72697F6E-401A-42CB-B624-D71B2E1A8DED}.Release|Any CPU.Build.0 = Release|Any CPU
	EndGlobalSection
	GlobalSection(SolutionProperties) = preSolution
		HideSolutionNode = FALSE
	EndGlobalSection
	GlobalSection(ExtensibilityGlobals) = postSolution
		SolutionGuid = {6014C23F-84D1-4B7D-8AA0-D9CB831CC380}
	EndGlobalSection
EndGlobal
